// !$*UTF8*$!
{
	archiveVersion = 1;
	classes = {
	};
	objectVersion = 56;
	objects = {

/* Begin PBXBuildFile section */
		81672379B0A5F97AFA7F758C /* Pods_MercadoBitcoin_MercadoBitcoinUITests.framework in Frameworks */ = {isa = PBXBuildFile; fileRef = C37FF787BF4B998AE719C0B3 /* Pods_MercadoBitcoin_MercadoBitcoinUITests.framework */; };
		89759796D94B377EA9F91C3E /* Pods_MercadoBitcoin.framework in Frameworks */ = {isa = PBXBuildFile; fileRef = FDE0A86F43C15E11D6A56912 /* Pods_MercadoBitcoin.framework */; };
		DDAAAABB2A1A641C00D36D85 /* AppDelegate.swift in Sources */ = {isa = PBXBuildFile; fileRef = DDAAAABA2A1A641C00D36D85 /* AppDelegate.swift */; };
		DDAAAABD2A1A641C00D36D85 /* SceneDelegate.swift in Sources */ = {isa = PBXBuildFile; fileRef = DDAAAABC2A1A641C00D36D85 /* SceneDelegate.swift */; };
		DDAAAAC42A1A641D00D36D85 /* Assets.xcassets in Resources */ = {isa = PBXBuildFile; fileRef = DDAAAAC32A1A641D00D36D85 /* Assets.xcassets */; };
		DDAAAAC72A1A641D00D36D85 /* LaunchScreen.storyboard in Resources */ = {isa = PBXBuildFile; fileRef = DDAAAAC52A1A641D00D36D85 /* LaunchScreen.storyboard */; };
		DDAAAADC2A1A641D00D36D85 /* MercadoBitcoinUITests.swift in Sources */ = {isa = PBXBuildFile; fileRef = DDAAAADB2A1A641D00D36D85 /* MercadoBitcoinUITests.swift */; };
		DDAAAADE2A1A641D00D36D85 /* MercadoBitcoinUITestsLaunchTests.swift in Sources */ = {isa = PBXBuildFile; fileRef = DDAAAADD2A1A641D00D36D85 /* MercadoBitcoinUITestsLaunchTests.swift */; };
		DDAAAAEE2A1A68B900D36D85 /* Enviroment.swift in Sources */ = {isa = PBXBuildFile; fileRef = DDAAAAED2A1A68B900D36D85 /* Enviroment.swift */; };
		DDAAAAF12A1A6CF900D36D85 /* ExchangeListViewController.swift in Sources */ = {isa = PBXBuildFile; fileRef = DDAAAAF02A1A6CF900D36D85 /* ExchangeListViewController.swift */; };
		DDAAAAF52A1A6F9F00D36D85 /* NetworkSession.swift in Sources */ = {isa = PBXBuildFile; fileRef = DDAAAAF42A1A6F9F00D36D85 /* NetworkSession.swift */; };
		DDAAAAF82A1A706D00D36D85 /* BaseViewController.swift in Sources */ = {isa = PBXBuildFile; fileRef = DDAAAAF72A1A706D00D36D85 /* BaseViewController.swift */; };
		DDAAAAFA2A1A70D500D36D85 /* ExchangeListService.swift in Sources */ = {isa = PBXBuildFile; fileRef = DDAAAAF92A1A70D500D36D85 /* ExchangeListService.swift */; };
		DDAAAAFD2A1A796100D36D85 /* Exchange.swift in Sources */ = {isa = PBXBuildFile; fileRef = DDAAAAFC2A1A796100D36D85 /* Exchange.swift */; };
		DDAAAB002A1A900F00D36D85 /* ExchangeCell.swift in Sources */ = {isa = PBXBuildFile; fileRef = DDAAAAFF2A1A900F00D36D85 /* ExchangeCell.swift */; };
		DDAAAB022A1A9B1900D36D85 /* ExchangeListViewModel.swift in Sources */ = {isa = PBXBuildFile; fileRef = DDAAAB012A1A9B1900D36D85 /* ExchangeListViewModel.swift */; };
		DDAAAB042A1ABD5F00D36D85 /* Decimal+Extensions.swift in Sources */ = {isa = PBXBuildFile; fileRef = DDAAAB032A1ABD5F00D36D85 /* Decimal+Extensions.swift */; };
		DDAAAB072A1AC0AC00D36D85 /* ExchangeDetailsViewController.swift in Sources */ = {isa = PBXBuildFile; fileRef = DDAAAB062A1AC0AC00D36D85 /* ExchangeDetailsViewController.swift */; };
		DDAAAB092A1AC10D00D36D85 /* ExchangeDetailsViewModel.swift in Sources */ = {isa = PBXBuildFile; fileRef = DDAAAB082A1AC10D00D36D85 /* ExchangeDetailsViewModel.swift */; };
		DDAAAB0C2A1ACB6000D36D85 /* ExchangeDetailsRowView.swift in Sources */ = {isa = PBXBuildFile; fileRef = DDAAAB0B2A1ACB6000D36D85 /* ExchangeDetailsRowView.swift */; };
		DDAAAB0E2A1AF47B00D36D85 /* Date+Extensions.swift in Sources */ = {isa = PBXBuildFile; fileRef = DDAAAB0D2A1AF47B00D36D85 /* Date+Extensions.swift */; };
		DDAAAB112A1C15F900D36D85 /* ExchangeCoordinator.swift in Sources */ = {isa = PBXBuildFile; fileRef = DDAAAB102A1C15F900D36D85 /* ExchangeCoordinator.swift */; };
		DDAAAB132A1C163400D36D85 /* BaseCoordinator.swift in Sources */ = {isa = PBXBuildFile; fileRef = DDAAAB122A1C163400D36D85 /* BaseCoordinator.swift */; };
		DDAAAB1E2A1E3C0A00D36D85 /* TableView+Extensions.swift in Sources */ = {isa = PBXBuildFile; fileRef = DDAAAB1D2A1E3C0A00D36D85 /* TableView+Extensions.swift */; };
		DDAAAB2B2A1F7D7C00D36D85 /* ExchangeListViewModelTest.swift in Sources */ = {isa = PBXBuildFile; fileRef = DDAAAB2A2A1F7D7C00D36D85 /* ExchangeListViewModelTest.swift */; };
		DDAAAB332A1F859900D36D85 /* LoadJSONMock.swift in Sources */ = {isa = PBXBuildFile; fileRef = DDAAAB322A1F859900D36D85 /* LoadJSONMock.swift */; };
		DDAAAB362A1F86C900D36D85 /* exchangeList_sucess.json in Resources */ = {isa = PBXBuildFile; fileRef = DDAAAB352A1F86C900D36D85 /* exchangeList_sucess.json */; };
		DDAAAB3B2A1F8EB300D36D85 /* ExchangeDetailsViewModelTest.swift in Sources */ = {isa = PBXBuildFile; fileRef = DDAAAB3A2A1F8EB300D36D85 /* ExchangeDetailsViewModelTest.swift */; };
		DDAAAB3D2A1F9EB100D36D85 /* exchangeDetails_data.json in Resources */ = {isa = PBXBuildFile; fileRef = DDAAAB3C2A1F9EB100D36D85 /* exchangeDetails_data.json */; };
/* End PBXBuildFile section */

/* Begin PBXContainerItemProxy section */
		DDAAAAD82A1A641D00D36D85 /* PBXContainerItemProxy */ = {
			isa = PBXContainerItemProxy;
			containerPortal = DDAAAAAF2A1A641C00D36D85 /* Project object */;
			proxyType = 1;
			remoteGlobalIDString = DDAAAAB62A1A641C00D36D85;
			remoteInfo = MercadoBitcoin;
		};
		DDAAAB2C2A1F7D7C00D36D85 /* PBXContainerItemProxy */ = {
			isa = PBXContainerItemProxy;
			containerPortal = DDAAAAAF2A1A641C00D36D85 /* Project object */;
			proxyType = 1;
			remoteGlobalIDString = DDAAAAB62A1A641C00D36D85;
			remoteInfo = MercadoBitcoin;
		};
/* End PBXContainerItemProxy section */

/* Begin PBXFileReference section */
		0AD9DAFE6DD9E6C765CEA05C /* Pods-MercadoBitcoin-MercadoBitcoinUITests.debug.xcconfig */ = {isa = PBXFileReference; includeInIndex = 1; lastKnownFileType = text.xcconfig; name = "Pods-MercadoBitcoin-MercadoBitcoinUITests.debug.xcconfig"; path = "Target Support Files/Pods-MercadoBitcoin-MercadoBitcoinUITests/Pods-MercadoBitcoin-MercadoBitcoinUITests.debug.xcconfig"; sourceTree = "<group>"; };
		1F28A0FE96329547567CB150 /* Pods-MercadoBitcoinTests.debug.xcconfig */ = {isa = PBXFileReference; includeInIndex = 1; lastKnownFileType = text.xcconfig; name = "Pods-MercadoBitcoinTests.debug.xcconfig"; path = "Target Support Files/Pods-MercadoBitcoinTests/Pods-MercadoBitcoinTests.debug.xcconfig"; sourceTree = "<group>"; };
		32D98DDAA1B4448A46CF9DDC /* Pods_MercadoBitcoinTests.framework */ = {isa = PBXFileReference; explicitFileType = wrapper.framework; includeInIndex = 0; path = Pods_MercadoBitcoinTests.framework; sourceTree = BUILT_PRODUCTS_DIR; };
		501FB4E2D922807F78C7B94D /* Pods-MercadoBitcoinTests.release.xcconfig */ = {isa = PBXFileReference; includeInIndex = 1; lastKnownFileType = text.xcconfig; name = "Pods-MercadoBitcoinTests.release.xcconfig"; path = "Target Support Files/Pods-MercadoBitcoinTests/Pods-MercadoBitcoinTests.release.xcconfig"; sourceTree = "<group>"; };
		B90FB68065E291D09ABD3BB6 /* Pods-MercadoBitcoin-MercadoBitcoinUITests.release.xcconfig */ = {isa = PBXFileReference; includeInIndex = 1; lastKnownFileType = text.xcconfig; name = "Pods-MercadoBitcoin-MercadoBitcoinUITests.release.xcconfig"; path = "Target Support Files/Pods-MercadoBitcoin-MercadoBitcoinUITests/Pods-MercadoBitcoin-MercadoBitcoinUITests.release.xcconfig"; sourceTree = "<group>"; };
		C37FF787BF4B998AE719C0B3 /* Pods_MercadoBitcoin_MercadoBitcoinUITests.framework */ = {isa = PBXFileReference; explicitFileType = wrapper.framework; includeInIndex = 0; path = Pods_MercadoBitcoin_MercadoBitcoinUITests.framework; sourceTree = BUILT_PRODUCTS_DIR; };
		DD8FFE35702DE0834F84161A /* Pods-MercadoBitcoin.release.xcconfig */ = {isa = PBXFileReference; includeInIndex = 1; lastKnownFileType = text.xcconfig; name = "Pods-MercadoBitcoin.release.xcconfig"; path = "Target Support Files/Pods-MercadoBitcoin/Pods-MercadoBitcoin.release.xcconfig"; sourceTree = "<group>"; };
		DDAAAAB72A1A641C00D36D85 /* MercadoBitcoin.app */ = {isa = PBXFileReference; explicitFileType = wrapper.application; includeInIndex = 0; path = MercadoBitcoin.app; sourceTree = BUILT_PRODUCTS_DIR; };
		DDAAAABA2A1A641C00D36D85 /* AppDelegate.swift */ = {isa = PBXFileReference; lastKnownFileType = sourcecode.swift; path = AppDelegate.swift; sourceTree = "<group>"; };
		DDAAAABC2A1A641C00D36D85 /* SceneDelegate.swift */ = {isa = PBXFileReference; lastKnownFileType = sourcecode.swift; path = SceneDelegate.swift; sourceTree = "<group>"; };
		DDAAAAC32A1A641D00D36D85 /* Assets.xcassets */ = {isa = PBXFileReference; lastKnownFileType = folder.assetcatalog; path = Assets.xcassets; sourceTree = "<group>"; };
		DDAAAAC62A1A641D00D36D85 /* Base */ = {isa = PBXFileReference; lastKnownFileType = file.storyboard; name = Base; path = Base.lproj/LaunchScreen.storyboard; sourceTree = "<group>"; };
		DDAAAAC82A1A641D00D36D85 /* Info.plist */ = {isa = PBXFileReference; lastKnownFileType = text.plist.xml; path = Info.plist; sourceTree = "<group>"; };
		DDAAAAD72A1A641D00D36D85 /* MercadoBitcoinUITests.xctest */ = {isa = PBXFileReference; explicitFileType = wrapper.cfbundle; includeInIndex = 0; path = MercadoBitcoinUITests.xctest; sourceTree = BUILT_PRODUCTS_DIR; };
		DDAAAADB2A1A641D00D36D85 /* MercadoBitcoinUITests.swift */ = {isa = PBXFileReference; lastKnownFileType = sourcecode.swift; path = MercadoBitcoinUITests.swift; sourceTree = "<group>"; };
		DDAAAADD2A1A641D00D36D85 /* MercadoBitcoinUITestsLaunchTests.swift */ = {isa = PBXFileReference; lastKnownFileType = sourcecode.swift; path = MercadoBitcoinUITestsLaunchTests.swift; sourceTree = "<group>"; };
		DDAAAAED2A1A68B900D36D85 /* Enviroment.swift */ = {isa = PBXFileReference; lastKnownFileType = sourcecode.swift; path = Enviroment.swift; sourceTree = "<group>"; };
		DDAAAAF02A1A6CF900D36D85 /* ExchangeListViewController.swift */ = {isa = PBXFileReference; lastKnownFileType = sourcecode.swift; path = ExchangeListViewController.swift; sourceTree = "<group>"; };
		DDAAAAF42A1A6F9F00D36D85 /* NetworkSession.swift */ = {isa = PBXFileReference; lastKnownFileType = sourcecode.swift; path = NetworkSession.swift; sourceTree = "<group>"; };
		DDAAAAF72A1A706D00D36D85 /* BaseViewController.swift */ = {isa = PBXFileReference; lastKnownFileType = sourcecode.swift; path = BaseViewController.swift; sourceTree = "<group>"; };
		DDAAAAF92A1A70D500D36D85 /* ExchangeListService.swift */ = {isa = PBXFileReference; lastKnownFileType = sourcecode.swift; path = ExchangeListService.swift; sourceTree = "<group>"; };
		DDAAAAFC2A1A796100D36D85 /* Exchange.swift */ = {isa = PBXFileReference; lastKnownFileType = sourcecode.swift; path = Exchange.swift; sourceTree = "<group>"; };
		DDAAAAFF2A1A900F00D36D85 /* ExchangeCell.swift */ = {isa = PBXFileReference; lastKnownFileType = sourcecode.swift; path = ExchangeCell.swift; sourceTree = "<group>"; };
		DDAAAB012A1A9B1900D36D85 /* ExchangeListViewModel.swift */ = {isa = PBXFileReference; lastKnownFileType = sourcecode.swift; path = ExchangeListViewModel.swift; sourceTree = "<group>"; };
		DDAAAB032A1ABD5F00D36D85 /* Decimal+Extensions.swift */ = {isa = PBXFileReference; lastKnownFileType = sourcecode.swift; path = "Decimal+Extensions.swift"; sourceTree = "<group>"; };
		DDAAAB062A1AC0AC00D36D85 /* ExchangeDetailsViewController.swift */ = {isa = PBXFileReference; lastKnownFileType = sourcecode.swift; path = ExchangeDetailsViewController.swift; sourceTree = "<group>"; };
		DDAAAB082A1AC10D00D36D85 /* ExchangeDetailsViewModel.swift */ = {isa = PBXFileReference; lastKnownFileType = sourcecode.swift; path = ExchangeDetailsViewModel.swift; sourceTree = "<group>"; };
		DDAAAB0B2A1ACB6000D36D85 /* ExchangeDetailsRowView.swift */ = {isa = PBXFileReference; lastKnownFileType = sourcecode.swift; path = ExchangeDetailsRowView.swift; sourceTree = "<group>"; };
		DDAAAB0D2A1AF47B00D36D85 /* Date+Extensions.swift */ = {isa = PBXFileReference; lastKnownFileType = sourcecode.swift; path = "Date+Extensions.swift"; sourceTree = "<group>"; };
		DDAAAB102A1C15F900D36D85 /* ExchangeCoordinator.swift */ = {isa = PBXFileReference; lastKnownFileType = sourcecode.swift; path = ExchangeCoordinator.swift; sourceTree = "<group>"; };
		DDAAAB122A1C163400D36D85 /* BaseCoordinator.swift */ = {isa = PBXFileReference; lastKnownFileType = sourcecode.swift; path = BaseCoordinator.swift; sourceTree = "<group>"; };
		DDAAAB1D2A1E3C0A00D36D85 /* TableView+Extensions.swift */ = {isa = PBXFileReference; lastKnownFileType = sourcecode.swift; path = "TableView+Extensions.swift"; sourceTree = "<group>"; };
		DDAAAB282A1F7D7B00D36D85 /* MercadoBitcoinTests.xctest */ = {isa = PBXFileReference; explicitFileType = wrapper.cfbundle; includeInIndex = 0; path = MercadoBitcoinTests.xctest; sourceTree = BUILT_PRODUCTS_DIR; };
		DDAAAB2A2A1F7D7C00D36D85 /* ExchangeListViewModelTest.swift */ = {isa = PBXFileReference; lastKnownFileType = sourcecode.swift; path = ExchangeListViewModelTest.swift; sourceTree = "<group>"; };
		DDAAAB322A1F859900D36D85 /* LoadJSONMock.swift */ = {isa = PBXFileReference; lastKnownFileType = sourcecode.swift; path = LoadJSONMock.swift; sourceTree = "<group>"; };
		DDAAAB352A1F86C900D36D85 /* exchangeList_sucess.json */ = {isa = PBXFileReference; lastKnownFileType = text.json; path = exchangeList_sucess.json; sourceTree = "<group>"; };
		DDAAAB3A2A1F8EB300D36D85 /* ExchangeDetailsViewModelTest.swift */ = {isa = PBXFileReference; lastKnownFileType = sourcecode.swift; path = ExchangeDetailsViewModelTest.swift; sourceTree = "<group>"; };
		DDAAAB3C2A1F9EB100D36D85 /* exchangeDetails_data.json */ = {isa = PBXFileReference; lastKnownFileType = text.json; path = exchangeDetails_data.json; sourceTree = "<group>"; };
		F99797B9F1F989857163A15D /* Pods-MercadoBitcoin.debug.xcconfig */ = {isa = PBXFileReference; includeInIndex = 1; lastKnownFileType = text.xcconfig; name = "Pods-MercadoBitcoin.debug.xcconfig"; path = "Target Support Files/Pods-MercadoBitcoin/Pods-MercadoBitcoin.debug.xcconfig"; sourceTree = "<group>"; };
		FDE0A86F43C15E11D6A56912 /* Pods_MercadoBitcoin.framework */ = {isa = PBXFileReference; explicitFileType = wrapper.framework; includeInIndex = 0; path = Pods_MercadoBitcoin.framework; sourceTree = BUILT_PRODUCTS_DIR; };
/* End PBXFileReference section */

/* Begin PBXFrameworksBuildPhase section */
		DDAAAAB42A1A641C00D36D85 /* Frameworks */ = {
			isa = PBXFrameworksBuildPhase;
			buildActionMask = 2147483647;
			files = (
				89759796D94B377EA9F91C3E /* Pods_MercadoBitcoin.framework in Frameworks */,
			);
			runOnlyForDeploymentPostprocessing = 0;
		};
		DDAAAAD42A1A641D00D36D85 /* Frameworks */ = {
			isa = PBXFrameworksBuildPhase;
			buildActionMask = 2147483647;
			files = (
				81672379B0A5F97AFA7F758C /* Pods_MercadoBitcoin_MercadoBitcoinUITests.framework in Frameworks */,
			);
			runOnlyForDeploymentPostprocessing = 0;
		};
		DDAAAB252A1F7D7B00D36D85 /* Frameworks */ = {
			isa = PBXFrameworksBuildPhase;
			buildActionMask = 2147483647;
			files = (
			);
			runOnlyForDeploymentPostprocessing = 0;
		};
/* End PBXFrameworksBuildPhase section */

/* Begin PBXGroup section */
		07367E61FFD84AC80C7A582E /* Frameworks */ = {
			isa = PBXGroup;
			children = (
				FDE0A86F43C15E11D6A56912 /* Pods_MercadoBitcoin.framework */,
				C37FF787BF4B998AE719C0B3 /* Pods_MercadoBitcoin_MercadoBitcoinUITests.framework */,
				32D98DDAA1B4448A46CF9DDC /* Pods_MercadoBitcoinTests.framework */,
			);
			name = Frameworks;
			sourceTree = "<group>";
		};
		B52DBEB779DF8BC67A6CC7FB /* Pods */ = {
			isa = PBXGroup;
			children = (
				F99797B9F1F989857163A15D /* Pods-MercadoBitcoin.debug.xcconfig */,
				DD8FFE35702DE0834F84161A /* Pods-MercadoBitcoin.release.xcconfig */,
				0AD9DAFE6DD9E6C765CEA05C /* Pods-MercadoBitcoin-MercadoBitcoinUITests.debug.xcconfig */,
				B90FB68065E291D09ABD3BB6 /* Pods-MercadoBitcoin-MercadoBitcoinUITests.release.xcconfig */,
				1F28A0FE96329547567CB150 /* Pods-MercadoBitcoinTests.debug.xcconfig */,
				501FB4E2D922807F78C7B94D /* Pods-MercadoBitcoinTests.release.xcconfig */,
			);
			path = Pods;
			sourceTree = "<group>";
		};
		DDAAAAAE2A1A641C00D36D85 = {
			isa = PBXGroup;
			children = (
				DDAAAAB92A1A641C00D36D85 /* MercadoBitcoin */,
				DDAAAADA2A1A641D00D36D85 /* MercadoBitcoinUITests */,
				DDAAAB292A1F7D7C00D36D85 /* MercadoBitcoinTests */,
				DDAAAAB82A1A641C00D36D85 /* Products */,
				B52DBEB779DF8BC67A6CC7FB /* Pods */,
				07367E61FFD84AC80C7A582E /* Frameworks */,
			);
			sourceTree = "<group>";
		};
		DDAAAAB82A1A641C00D36D85 /* Products */ = {
			isa = PBXGroup;
			children = (
				DDAAAAB72A1A641C00D36D85 /* MercadoBitcoin.app */,
				DDAAAAD72A1A641D00D36D85 /* MercadoBitcoinUITests.xctest */,
				DDAAAB282A1F7D7B00D36D85 /* MercadoBitcoinTests.xctest */,
			);
			name = Products;
			sourceTree = "<group>";
		};
		DDAAAAB92A1A641C00D36D85 /* MercadoBitcoin */ = {
			isa = PBXGroup;
			children = (
				DDAAAAFB2A1A794800D36D85 /* Model */,
				DDAAAAF22A1A6DBB00D36D85 /* Core */,
				DDAAAAEC2A1A685800D36D85 /* App */,
				DDAAAAEA2A1A681E00D36D85 /* Features */,
				DDAAAAC32A1A641D00D36D85 /* Assets.xcassets */,
				DDAAAAC52A1A641D00D36D85 /* LaunchScreen.storyboard */,
				DDAAAAC82A1A641D00D36D85 /* Info.plist */,
			);
			path = MercadoBitcoin;
			sourceTree = "<group>";
		};
		DDAAAADA2A1A641D00D36D85 /* MercadoBitcoinUITests */ = {
			isa = PBXGroup;
			children = (
				DDAAAADB2A1A641D00D36D85 /* MercadoBitcoinUITests.swift */,
				DDAAAADD2A1A641D00D36D85 /* MercadoBitcoinUITestsLaunchTests.swift */,
			);
			path = MercadoBitcoinUITests;
			sourceTree = "<group>";
		};
		DDAAAAEA2A1A681E00D36D85 /* Features */ = {
			isa = PBXGroup;
			children = (
				DDAAAB0F2A1C15E400D36D85 /* Exchange */,
			);
			path = Features;
			sourceTree = "<group>";
		};
		DDAAAAEB2A1A682F00D36D85 /* Commun */ = {
			isa = PBXGroup;
			children = (
				DDAAAAED2A1A68B900D36D85 /* Enviroment.swift */,
				DDAAAB032A1ABD5F00D36D85 /* Decimal+Extensions.swift */,
				DDAAAB0D2A1AF47B00D36D85 /* Date+Extensions.swift */,
				DDAAAB1D2A1E3C0A00D36D85 /* TableView+Extensions.swift */,
			);
			path = Commun;
			sourceTree = "<group>";
		};
		DDAAAAEC2A1A685800D36D85 /* App */ = {
			isa = PBXGroup;
			children = (
				DDAAAABA2A1A641C00D36D85 /* AppDelegate.swift */,
				DDAAAABC2A1A641C00D36D85 /* SceneDelegate.swift */,
			);
			path = App;
			sourceTree = "<group>";
		};
		DDAAAAEF2A1A6CC200D36D85 /* ExchangeList */ = {
			isa = PBXGroup;
			children = (
				DDAAAAFE2A1A8FE100D36D85 /* Cell */,
				DDAAAAF02A1A6CF900D36D85 /* ExchangeListViewController.swift */,
				DDAAAAF92A1A70D500D36D85 /* ExchangeListService.swift */,
				DDAAAB012A1A9B1900D36D85 /* ExchangeListViewModel.swift */,
			);
			path = ExchangeList;
			sourceTree = "<group>";
		};
		DDAAAAF22A1A6DBB00D36D85 /* Core */ = {
			isa = PBXGroup;
			children = (
				DDAAAAEB2A1A682F00D36D85 /* Commun */,
				DDAAAAF62A1A705900D36D85 /* Base */,
				DDAAAAF32A1A6F8000D36D85 /* Networking */,
			);
			path = Core;
			sourceTree = "<group>";
		};
		DDAAAAF32A1A6F8000D36D85 /* Networking */ = {
			isa = PBXGroup;
			children = (
				DDAAAAF42A1A6F9F00D36D85 /* NetworkSession.swift */,
			);
			path = Networking;
			sourceTree = "<group>";
		};
		DDAAAAF62A1A705900D36D85 /* Base */ = {
			isa = PBXGroup;
			children = (
				DDAAAAF72A1A706D00D36D85 /* BaseViewController.swift */,
				DDAAAB122A1C163400D36D85 /* BaseCoordinator.swift */,
			);
			path = Base;
			sourceTree = "<group>";
		};
		DDAAAAFB2A1A794800D36D85 /* Model */ = {
			isa = PBXGroup;
			children = (
				DDAAAAFC2A1A796100D36D85 /* Exchange.swift */,
			);
			path = Model;
			sourceTree = "<group>";
		};
		DDAAAAFE2A1A8FE100D36D85 /* Cell */ = {
			isa = PBXGroup;
			children = (
				DDAAAAFF2A1A900F00D36D85 /* ExchangeCell.swift */,
			);
			path = Cell;
			sourceTree = "<group>";
		};
		DDAAAB052A1AC08E00D36D85 /* ExchangeDetails */ = {
			isa = PBXGroup;
			children = (
				DDAAAB0A2A1ACB4C00D36D85 /* View */,
				DDAAAB062A1AC0AC00D36D85 /* ExchangeDetailsViewController.swift */,
				DDAAAB082A1AC10D00D36D85 /* ExchangeDetailsViewModel.swift */,
			);
			path = ExchangeDetails;
			sourceTree = "<group>";
		};
		DDAAAB0A2A1ACB4C00D36D85 /* View */ = {
			isa = PBXGroup;
			children = (
				DDAAAB0B2A1ACB6000D36D85 /* ExchangeDetailsRowView.swift */,
			);
			path = View;
			sourceTree = "<group>";
		};
		DDAAAB0F2A1C15E400D36D85 /* Exchange */ = {
			isa = PBXGroup;
			children = (
				DDAAAB052A1AC08E00D36D85 /* ExchangeDetails */,
				DDAAAAEF2A1A6CC200D36D85 /* ExchangeList */,
				DDAAAB102A1C15F900D36D85 /* ExchangeCoordinator.swift */,
			);
			path = Exchange;
			sourceTree = "<group>";
		};
		DDAAAB292A1F7D7C00D36D85 /* MercadoBitcoinTests */ = {
			isa = PBXGroup;
			children = (
				DDAAAB392A1F8E8600D36D85 /* ViewModel */,
				DDAAAB312A1F857C00D36D85 /* Mock */,
			);
			path = MercadoBitcoinTests;
			sourceTree = "<group>";
		};
		DDAAAB312A1F857C00D36D85 /* Mock */ = {
			isa = PBXGroup;
			children = (
				DDAAAB342A1F86A600D36D85 /* Data */,
				DDAAAB322A1F859900D36D85 /* LoadJSONMock.swift */,
			);
			path = Mock;
			sourceTree = "<group>";
		};
		DDAAAB342A1F86A600D36D85 /* Data */ = {
			isa = PBXGroup;
			children = (
				DDAAAB352A1F86C900D36D85 /* exchangeList_sucess.json */,
				DDAAAB3C2A1F9EB100D36D85 /* exchangeDetails_data.json */,
			);
			path = Data;
			sourceTree = "<group>";
		};
		DDAAAB392A1F8E8600D36D85 /* ViewModel */ = {
			isa = PBXGroup;
			children = (
				DDAAAB2A2A1F7D7C00D36D85 /* ExchangeListViewModelTest.swift */,
				DDAAAB3A2A1F8EB300D36D85 /* ExchangeDetailsViewModelTest.swift */,
			);
			path = ViewModel;
			sourceTree = "<group>";
		};
/* End PBXGroup section */

/* Begin PBXNativeTarget section */
		DDAAAAB62A1A641C00D36D85 /* MercadoBitcoin */ = {
			isa = PBXNativeTarget;
			buildConfigurationList = DDAAAAE12A1A641D00D36D85 /* Build configuration list for PBXNativeTarget "MercadoBitcoin" */;
			buildPhases = (
				ABFD288F48D71DDBD9BFDCA5 /* [CP] Check Pods Manifest.lock */,
				DDAAAAB32A1A641C00D36D85 /* Sources */,
				DDAAAAB42A1A641C00D36D85 /* Frameworks */,
				DDAAAAB52A1A641C00D36D85 /* Resources */,
				037866C3D6D308A2983180F2 /* [CP] Embed Pods Frameworks */,
			);
			buildRules = (
			);
			dependencies = (
			);
			name = MercadoBitcoin;
			productName = MercadoBitcoin;
			productReference = DDAAAAB72A1A641C00D36D85 /* MercadoBitcoin.app */;
			productType = "com.apple.product-type.application";
		};
		DDAAAAD62A1A641D00D36D85 /* MercadoBitcoinUITests */ = {
			isa = PBXNativeTarget;
			buildConfigurationList = DDAAAAE72A1A641D00D36D85 /* Build configuration list for PBXNativeTarget "MercadoBitcoinUITests" */;
			buildPhases = (
				843FA262AE74488E3045E06D /* [CP] Check Pods Manifest.lock */,
				DDAAAAD32A1A641D00D36D85 /* Sources */,
				DDAAAAD42A1A641D00D36D85 /* Frameworks */,
				DDAAAAD52A1A641D00D36D85 /* Resources */,
				3E816FEAC380A99A835A3581 /* [CP] Embed Pods Frameworks */,
			);
			buildRules = (
			);
			dependencies = (
				DDAAAAD92A1A641D00D36D85 /* PBXTargetDependency */,
			);
			name = MercadoBitcoinUITests;
			productName = MercadoBitcoinUITests;
			productReference = DDAAAAD72A1A641D00D36D85 /* MercadoBitcoinUITests.xctest */;
			productType = "com.apple.product-type.bundle.ui-testing";
		};
		DDAAAB272A1F7D7B00D36D85 /* MercadoBitcoinTests */ = {
			isa = PBXNativeTarget;
			buildConfigurationList = DDAAAB2E2A1F7D7C00D36D85 /* Build configuration list for PBXNativeTarget "MercadoBitcoinTests" */;
			buildPhases = (
				DDAAAB242A1F7D7B00D36D85 /* Sources */,
				DDAAAB252A1F7D7B00D36D85 /* Frameworks */,
				DDAAAB262A1F7D7B00D36D85 /* Resources */,
			);
			buildRules = (
			);
			dependencies = (
				DDAAAB2D2A1F7D7C00D36D85 /* PBXTargetDependency */,
			);
			name = MercadoBitcoinTests;
			productName = MercadoBitcoinTests;
			productReference = DDAAAB282A1F7D7B00D36D85 /* MercadoBitcoinTests.xctest */;
			productType = "com.apple.product-type.bundle.unit-test";
		};
/* End PBXNativeTarget section */

/* Begin PBXProject section */
		DDAAAAAF2A1A641C00D36D85 /* Project object */ = {
			isa = PBXProject;
			attributes = {
				BuildIndependentTargetsInParallel = 1;
				LastSwiftUpdateCheck = 1420;
				LastUpgradeCheck = 1420;
				TargetAttributes = {
					DDAAAAB62A1A641C00D36D85 = {
						CreatedOnToolsVersion = 14.2;
					};
					DDAAAAD62A1A641D00D36D85 = {
						CreatedOnToolsVersion = 14.2;
						TestTargetID = DDAAAAB62A1A641C00D36D85;
					};
					DDAAAB272A1F7D7B00D36D85 = {
						CreatedOnToolsVersion = 14.2;
						TestTargetID = DDAAAAB62A1A641C00D36D85;
					};
				};
			};
			buildConfigurationList = DDAAAAB22A1A641C00D36D85 /* Build configuration list for PBXProject "MercadoBitcoin" */;
			compatibilityVersion = "Xcode 14.0";
			developmentRegion = en;
			hasScannedForEncodings = 0;
			knownRegions = (
				en,
				Base,
			);
			mainGroup = DDAAAAAE2A1A641C00D36D85;
			productRefGroup = DDAAAAB82A1A641C00D36D85 /* Products */;
			projectDirPath = "";
			projectRoot = "";
			targets = (
				DDAAAAB62A1A641C00D36D85 /* MercadoBitcoin */,
				DDAAAAD62A1A641D00D36D85 /* MercadoBitcoinUITests */,
				DDAAAB272A1F7D7B00D36D85 /* MercadoBitcoinTests */,
			);
		};
/* End PBXProject section */

/* Begin PBXResourcesBuildPhase section */
		DDAAAAB52A1A641C00D36D85 /* Resources */ = {
			isa = PBXResourcesBuildPhase;
			buildActionMask = 2147483647;
			files = (
				DDAAAAC72A1A641D00D36D85 /* LaunchScreen.storyboard in Resources */,
				DDAAAAC42A1A641D00D36D85 /* Assets.xcassets in Resources */,
			);
			runOnlyForDeploymentPostprocessing = 0;
		};
		DDAAAAD52A1A641D00D36D85 /* Resources */ = {
			isa = PBXResourcesBuildPhase;
			buildActionMask = 2147483647;
			files = (
			);
			runOnlyForDeploymentPostprocessing = 0;
		};
		DDAAAB262A1F7D7B00D36D85 /* Resources */ = {
			isa = PBXResourcesBuildPhase;
			buildActionMask = 2147483647;
			files = (
				DDAAAB3D2A1F9EB100D36D85 /* exchangeDetails_data.json in Resources */,
				DDAAAB362A1F86C900D36D85 /* exchangeList_sucess.json in Resources */,
			);
			runOnlyForDeploymentPostprocessing = 0;
		};
/* End PBXResourcesBuildPhase section */

/* Begin PBXShellScriptBuildPhase section */
		037866C3D6D308A2983180F2 /* [CP] Embed Pods Frameworks */ = {
			isa = PBXShellScriptBuildPhase;
			buildActionMask = 2147483647;
			files = (
			);
			inputFileListPaths = (
				"${PODS_ROOT}/Target Support Files/Pods-MercadoBitcoin/Pods-MercadoBitcoin-frameworks-${CONFIGURATION}-input-files.xcfilelist",
			);
			name = "[CP] Embed Pods Frameworks";
			outputFileListPaths = (
				"${PODS_ROOT}/Target Support Files/Pods-MercadoBitcoin/Pods-MercadoBitcoin-frameworks-${CONFIGURATION}-output-files.xcfilelist",
			);
			runOnlyForDeploymentPostprocessing = 0;
			shellPath = /bin/sh;
			shellScript = "\"${PODS_ROOT}/Target Support Files/Pods-MercadoBitcoin/Pods-MercadoBitcoin-frameworks.sh\"\n";
			showEnvVarsInLog = 0;
		};
		3E816FEAC380A99A835A3581 /* [CP] Embed Pods Frameworks */ = {
			isa = PBXShellScriptBuildPhase;
			buildActionMask = 2147483647;
			files = (
			);
			inputFileListPaths = (
				"${PODS_ROOT}/Target Support Files/Pods-MercadoBitcoin-MercadoBitcoinUITests/Pods-MercadoBitcoin-MercadoBitcoinUITests-frameworks-${CONFIGURATION}-input-files.xcfilelist",
			);
			name = "[CP] Embed Pods Frameworks";
			outputFileListPaths = (
				"${PODS_ROOT}/Target Support Files/Pods-MercadoBitcoin-MercadoBitcoinUITests/Pods-MercadoBitcoin-MercadoBitcoinUITests-frameworks-${CONFIGURATION}-output-files.xcfilelist",
			);
			runOnlyForDeploymentPostprocessing = 0;
			shellPath = /bin/sh;
			shellScript = "\"${PODS_ROOT}/Target Support Files/Pods-MercadoBitcoin-MercadoBitcoinUITests/Pods-MercadoBitcoin-MercadoBitcoinUITests-frameworks.sh\"\n";
			showEnvVarsInLog = 0;
		};
		843FA262AE74488E3045E06D /* [CP] Check Pods Manifest.lock */ = {
			isa = PBXShellScriptBuildPhase;
			buildActionMask = 2147483647;
			files = (
			);
			inputFileListPaths = (
			);
			inputPaths = (
				"${PODS_PODFILE_DIR_PATH}/Podfile.lock",
				"${PODS_ROOT}/Manifest.lock",
			);
			name = "[CP] Check Pods Manifest.lock";
			outputFileListPaths = (
			);
			outputPaths = (
				"$(DERIVED_FILE_DIR)/Pods-MercadoBitcoin-MercadoBitcoinUITests-checkManifestLockResult.txt",
			);
			runOnlyForDeploymentPostprocessing = 0;
			shellPath = /bin/sh;
			shellScript = "diff \"${PODS_PODFILE_DIR_PATH}/Podfile.lock\" \"${PODS_ROOT}/Manifest.lock\" > /dev/null\nif [ $? != 0 ] ; then\n    # print error to STDERR\n    echo \"error: The sandbox is not in sync with the Podfile.lock. Run 'pod install' or update your CocoaPods installation.\" >&2\n    exit 1\nfi\n# This output is used by Xcode 'outputs' to avoid re-running this script phase.\necho \"SUCCESS\" > \"${SCRIPT_OUTPUT_FILE_0}\"\n";
			showEnvVarsInLog = 0;
		};
		ABFD288F48D71DDBD9BFDCA5 /* [CP] Check Pods Manifest.lock */ = {
			isa = PBXShellScriptBuildPhase;
			buildActionMask = 2147483647;
			files = (
			);
			inputFileListPaths = (
			);
			inputPaths = (
				"${PODS_PODFILE_DIR_PATH}/Podfile.lock",
				"${PODS_ROOT}/Manifest.lock",
			);
			name = "[CP] Check Pods Manifest.lock";
			outputFileListPaths = (
			);
			outputPaths = (
				"$(DERIVED_FILE_DIR)/Pods-MercadoBitcoin-checkManifestLockResult.txt",
			);
			runOnlyForDeploymentPostprocessing = 0;
			shellPath = /bin/sh;
			shellScript = "diff \"${PODS_PODFILE_DIR_PATH}/Podfile.lock\" \"${PODS_ROOT}/Manifest.lock\" > /dev/null\nif [ $? != 0 ] ; then\n    # print error to STDERR\n    echo \"error: The sandbox is not in sync with the Podfile.lock. Run 'pod install' or update your CocoaPods installation.\" >&2\n    exit 1\nfi\n# This output is used by Xcode 'outputs' to avoid re-running this script phase.\necho \"SUCCESS\" > \"${SCRIPT_OUTPUT_FILE_0}\"\n";
			showEnvVarsInLog = 0;
		};
/* End PBXShellScriptBuildPhase section */

/* Begin PBXSourcesBuildPhase section */
		DDAAAAB32A1A641C00D36D85 /* Sources */ = {
			isa = PBXSourcesBuildPhase;
			buildActionMask = 2147483647;
			files = (
				DDAAAB042A1ABD5F00D36D85 /* Decimal+Extensions.swift in Sources */,
				DDAAAB1E2A1E3C0A00D36D85 /* TableView+Extensions.swift in Sources */,
				DDAAAB0C2A1ACB6000D36D85 /* ExchangeDetailsRowView.swift in Sources */,
				DDAAAAF12A1A6CF900D36D85 /* ExchangeListViewController.swift in Sources */,
				DDAAAB072A1AC0AC00D36D85 /* ExchangeDetailsViewController.swift in Sources */,
				DDAAAB022A1A9B1900D36D85 /* ExchangeListViewModel.swift in Sources */,
				DDAAAB002A1A900F00D36D85 /* ExchangeCell.swift in Sources */,
				DDAAAB132A1C163400D36D85 /* BaseCoordinator.swift in Sources */,
				DDAAAABB2A1A641C00D36D85 /* AppDelegate.swift in Sources */,
				DDAAAAF52A1A6F9F00D36D85 /* NetworkSession.swift in Sources */,
				DDAAAB0E2A1AF47B00D36D85 /* Date+Extensions.swift in Sources */,
				DDAAAAFA2A1A70D500D36D85 /* ExchangeListService.swift in Sources */,
				DDAAAAEE2A1A68B900D36D85 /* Enviroment.swift in Sources */,
				DDAAAB112A1C15F900D36D85 /* ExchangeCoordinator.swift in Sources */,
				DDAAAAF82A1A706D00D36D85 /* BaseViewController.swift in Sources */,
				DDAAAABD2A1A641C00D36D85 /* SceneDelegate.swift in Sources */,
				DDAAAAFD2A1A796100D36D85 /* Exchange.swift in Sources */,
				DDAAAB092A1AC10D00D36D85 /* ExchangeDetailsViewModel.swift in Sources */,
			);
			runOnlyForDeploymentPostprocessing = 0;
		};
		DDAAAAD32A1A641D00D36D85 /* Sources */ = {
			isa = PBXSourcesBuildPhase;
			buildActionMask = 2147483647;
			files = (
				DDAAAADC2A1A641D00D36D85 /* MercadoBitcoinUITests.swift in Sources */,
				DDAAAADE2A1A641D00D36D85 /* MercadoBitcoinUITestsLaunchTests.swift in Sources */,
			);
			runOnlyForDeploymentPostprocessing = 0;
		};
		DDAAAB242A1F7D7B00D36D85 /* Sources */ = {
			isa = PBXSourcesBuildPhase;
			buildActionMask = 2147483647;
			files = (
				DDAAAB3B2A1F8EB300D36D85 /* ExchangeDetailsViewModelTest.swift in Sources */,
				DDAAAB2B2A1F7D7C00D36D85 /* ExchangeListViewModelTest.swift in Sources */,
				DDAAAB332A1F859900D36D85 /* LoadJSONMock.swift in Sources */,
			);
			runOnlyForDeploymentPostprocessing = 0;
		};
/* End PBXSourcesBuildPhase section */

/* Begin PBXTargetDependency section */
		DDAAAAD92A1A641D00D36D85 /* PBXTargetDependency */ = {
			isa = PBXTargetDependency;
			target = DDAAAAB62A1A641C00D36D85 /* MercadoBitcoin */;
			targetProxy = DDAAAAD82A1A641D00D36D85 /* PBXContainerItemProxy */;
		};
		DDAAAB2D2A1F7D7C00D36D85 /* PBXTargetDependency */ = {
			isa = PBXTargetDependency;
			target = DDAAAAB62A1A641C00D36D85 /* MercadoBitcoin */;
			targetProxy = DDAAAB2C2A1F7D7C00D36D85 /* PBXContainerItemProxy */;
		};
/* End PBXTargetDependency section */

/* Begin PBXVariantGroup section */
		DDAAAAC52A1A641D00D36D85 /* LaunchScreen.storyboard */ = {
			isa = PBXVariantGroup;
			children = (
				DDAAAAC62A1A641D00D36D85 /* Base */,
			);
			name = LaunchScreen.storyboard;
			sourceTree = "<group>";
		};
/* End PBXVariantGroup section */

/* Begin XCBuildConfiguration section */
		DDAAAADF2A1A641D00D36D85 /* Debug */ = {
			isa = XCBuildConfiguration;
			buildSettings = {
				ALWAYS_SEARCH_USER_PATHS = NO;
				CLANG_ANALYZER_NONNULL = YES;
				CLANG_ANALYZER_NUMBER_OBJECT_CONVERSION = YES_AGGRESSIVE;
				CLANG_CXX_LANGUAGE_STANDARD = "gnu++20";
				CLANG_ENABLE_MODULES = YES;
				CLANG_ENABLE_OBJC_ARC = YES;
				CLANG_ENABLE_OBJC_WEAK = YES;
				CLANG_WARN_BLOCK_CAPTURE_AUTORELEASING = YES;
				CLANG_WARN_BOOL_CONVERSION = YES;
				CLANG_WARN_COMMA = YES;
				CLANG_WARN_CONSTANT_CONVERSION = YES;
				CLANG_WARN_DEPRECATED_OBJC_IMPLEMENTATIONS = YES;
				CLANG_WARN_DIRECT_OBJC_ISA_USAGE = YES_ERROR;
				CLANG_WARN_DOCUMENTATION_COMMENTS = YES;
				CLANG_WARN_EMPTY_BODY = YES;
				CLANG_WARN_ENUM_CONVERSION = YES;
				CLANG_WARN_INFINITE_RECURSION = YES;
				CLANG_WARN_INT_CONVERSION = YES;
				CLANG_WARN_NON_LITERAL_NULL_CONVERSION = YES;
				CLANG_WARN_OBJC_IMPLICIT_RETAIN_SELF = YES;
				CLANG_WARN_OBJC_LITERAL_CONVERSION = YES;
				CLANG_WARN_OBJC_ROOT_CLASS = YES_ERROR;
				CLANG_WARN_QUOTED_INCLUDE_IN_FRAMEWORK_HEADER = YES;
				CLANG_WARN_RANGE_LOOP_ANALYSIS = YES;
				CLANG_WARN_STRICT_PROTOTYPES = YES;
				CLANG_WARN_SUSPICIOUS_MOVE = YES;
				CLANG_WARN_UNGUARDED_AVAILABILITY = YES_AGGRESSIVE;
				CLANG_WARN_UNREACHABLE_CODE = YES;
				CLANG_WARN__DUPLICATE_METHOD_MATCH = YES;
				COPY_PHASE_STRIP = NO;
				DEBUG_INFORMATION_FORMAT = dwarf;
				ENABLE_STRICT_OBJC_MSGSEND = YES;
				ENABLE_TESTABILITY = YES;
				GCC_C_LANGUAGE_STANDARD = gnu11;
				GCC_DYNAMIC_NO_PIC = NO;
				GCC_NO_COMMON_BLOCKS = YES;
				GCC_OPTIMIZATION_LEVEL = 0;
				GCC_PREPROCESSOR_DEFINITIONS = (
					"DEBUG=1",
					"$(inherited)",
				);
				GCC_WARN_64_TO_32_BIT_CONVERSION = YES;
				GCC_WARN_ABOUT_RETURN_TYPE = YES_ERROR;
				GCC_WARN_UNDECLARED_SELECTOR = YES;
				GCC_WARN_UNINITIALIZED_AUTOS = YES_AGGRESSIVE;
				GCC_WARN_UNUSED_FUNCTION = YES;
				GCC_WARN_UNUSED_VARIABLE = YES;
				IPHONEOS_DEPLOYMENT_TARGET = 16.2;
				MTL_ENABLE_DEBUG_INFO = INCLUDE_SOURCE;
				MTL_FAST_MATH = YES;
				ONLY_ACTIVE_ARCH = YES;
				SDKROOT = iphoneos;
				SWIFT_ACTIVE_COMPILATION_CONDITIONS = DEBUG;
				SWIFT_OPTIMIZATION_LEVEL = "-Onone";
			};
			name = Debug;
		};
		DDAAAAE02A1A641D00D36D85 /* Release */ = {
			isa = XCBuildConfiguration;
			buildSettings = {
				ALWAYS_SEARCH_USER_PATHS = NO;
				CLANG_ANALYZER_NONNULL = YES;
				CLANG_ANALYZER_NUMBER_OBJECT_CONVERSION = YES_AGGRESSIVE;
				CLANG_CXX_LANGUAGE_STANDARD = "gnu++20";
				CLANG_ENABLE_MODULES = YES;
				CLANG_ENABLE_OBJC_ARC = YES;
				CLANG_ENABLE_OBJC_WEAK = YES;
				CLANG_WARN_BLOCK_CAPTURE_AUTORELEASING = YES;
				CLANG_WARN_BOOL_CONVERSION = YES;
				CLANG_WARN_COMMA = YES;
				CLANG_WARN_CONSTANT_CONVERSION = YES;
				CLANG_WARN_DEPRECATED_OBJC_IMPLEMENTATIONS = YES;
				CLANG_WARN_DIRECT_OBJC_ISA_USAGE = YES_ERROR;
				CLANG_WARN_DOCUMENTATION_COMMENTS = YES;
				CLANG_WARN_EMPTY_BODY = YES;
				CLANG_WARN_ENUM_CONVERSION = YES;
				CLANG_WARN_INFINITE_RECURSION = YES;
				CLANG_WARN_INT_CONVERSION = YES;
				CLANG_WARN_NON_LITERAL_NULL_CONVERSION = YES;
				CLANG_WARN_OBJC_IMPLICIT_RETAIN_SELF = YES;
				CLANG_WARN_OBJC_LITERAL_CONVERSION = YES;
				CLANG_WARN_OBJC_ROOT_CLASS = YES_ERROR;
				CLANG_WARN_QUOTED_INCLUDE_IN_FRAMEWORK_HEADER = YES;
				CLANG_WARN_RANGE_LOOP_ANALYSIS = YES;
				CLANG_WARN_STRICT_PROTOTYPES = YES;
				CLANG_WARN_SUSPICIOUS_MOVE = YES;
				CLANG_WARN_UNGUARDED_AVAILABILITY = YES_AGGRESSIVE;
				CLANG_WARN_UNREACHABLE_CODE = YES;
				CLANG_WARN__DUPLICATE_METHOD_MATCH = YES;
				COPY_PHASE_STRIP = NO;
				DEBUG_INFORMATION_FORMAT = "dwarf-with-dsym";
				ENABLE_NS_ASSERTIONS = NO;
				ENABLE_STRICT_OBJC_MSGSEND = YES;
				GCC_C_LANGUAGE_STANDARD = gnu11;
				GCC_NO_COMMON_BLOCKS = YES;
				GCC_WARN_64_TO_32_BIT_CONVERSION = YES;
				GCC_WARN_ABOUT_RETURN_TYPE = YES_ERROR;
				GCC_WARN_UNDECLARED_SELECTOR = YES;
				GCC_WARN_UNINITIALIZED_AUTOS = YES_AGGRESSIVE;
				GCC_WARN_UNUSED_FUNCTION = YES;
				GCC_WARN_UNUSED_VARIABLE = YES;
				IPHONEOS_DEPLOYMENT_TARGET = 16.2;
				MTL_ENABLE_DEBUG_INFO = NO;
				MTL_FAST_MATH = YES;
				SDKROOT = iphoneos;
				SWIFT_COMPILATION_MODE = wholemodule;
				SWIFT_OPTIMIZATION_LEVEL = "-O";
				VALIDATE_PRODUCT = YES;
			};
			name = Release;
		};
		DDAAAAE22A1A641D00D36D85 /* Debug */ = {
			isa = XCBuildConfiguration;
			baseConfigurationReference = F99797B9F1F989857163A15D /* Pods-MercadoBitcoin.debug.xcconfig */;
			buildSettings = {
				API_KEY = "E4D428BB-7AC9-48F9-803D-54F06CD02393";
				API_URL = "https://rest-sandbox.coinapi.io/";
				ASSETCATALOG_COMPILER_APPICON_NAME = AppIcon;
				ASSETCATALOG_COMPILER_GLOBAL_ACCENT_COLOR_NAME = AccentColor;
				CODE_SIGN_STYLE = Automatic;
				CURRENT_PROJECT_VERSION = 1;
				DEVELOPMENT_TEAM = 8TSAD4L2TJ;
				GENERATE_INFOPLIST_FILE = YES;
				INFOPLIST_FILE = MercadoBitcoin/Info.plist;
				INFOPLIST_KEY_UIApplicationSupportsIndirectInputEvents = YES;
				INFOPLIST_KEY_UILaunchStoryboardName = LaunchScreen;
				INFOPLIST_KEY_UISupportedInterfaceOrientations = UIInterfaceOrientationPortrait;
				INFOPLIST_KEY_UISupportedInterfaceOrientations_iPad = "UIInterfaceOrientationLandscapeLeft UIInterfaceOrientationLandscapeRight UIInterfaceOrientationPortrait UIInterfaceOrientationPortraitUpsideDown";
				LD_RUNPATH_SEARCH_PATHS = (
					"$(inherited)",
					"@executable_path/Frameworks",
				);
				MARKETING_VERSION = 1.0;
				PRODUCT_BUNDLE_IDENTIFIER = com.giampaoli.MercadoBitcoin;
				PRODUCT_NAME = "$(TARGET_NAME)";
				SWIFT_EMIT_LOC_STRINGS = YES;
				SWIFT_VERSION = 5.0;
				TARGETED_DEVICE_FAMILY = "1,2";
			};
			name = Debug;
		};
		DDAAAAE32A1A641D00D36D85 /* Release */ = {
			isa = XCBuildConfiguration;
			baseConfigurationReference = DD8FFE35702DE0834F84161A /* Pods-MercadoBitcoin.release.xcconfig */;
			buildSettings = {
				API_KEY = "E4D428BB-7AC9-48F9-803D-54F06CD02393";
				API_URL = "https://rest.coinapi.io/";
				ASSETCATALOG_COMPILER_APPICON_NAME = AppIcon;
				ASSETCATALOG_COMPILER_GLOBAL_ACCENT_COLOR_NAME = AccentColor;
				CODE_SIGN_STYLE = Automatic;
				CURRENT_PROJECT_VERSION = 1;
				DEVELOPMENT_TEAM = 8TSAD4L2TJ;
				GENERATE_INFOPLIST_FILE = YES;
				INFOPLIST_FILE = MercadoBitcoin/Info.plist;
				INFOPLIST_KEY_UIApplicationSupportsIndirectInputEvents = YES;
				INFOPLIST_KEY_UILaunchStoryboardName = LaunchScreen;
				INFOPLIST_KEY_UISupportedInterfaceOrientations = UIInterfaceOrientationPortrait;
				INFOPLIST_KEY_UISupportedInterfaceOrientations_iPad = "UIInterfaceOrientationLandscapeLeft UIInterfaceOrientationLandscapeRight UIInterfaceOrientationPortrait UIInterfaceOrientationPortraitUpsideDown";
				LD_RUNPATH_SEARCH_PATHS = (
					"$(inherited)",
					"@executable_path/Frameworks",
				);
				MARKETING_VERSION = 1.0;
				PRODUCT_BUNDLE_IDENTIFIER = com.giampaoli.MercadoBitcoin;
				PRODUCT_NAME = "$(TARGET_NAME)";
				SWIFT_EMIT_LOC_STRINGS = YES;
				SWIFT_VERSION = 5.0;
				TARGETED_DEVICE_FAMILY = "1,2";
			};
			name = Release;
		};
		DDAAAAE82A1A641D00D36D85 /* Debug */ = {
			isa = XCBuildConfiguration;
			baseConfigurationReference = 0AD9DAFE6DD9E6C765CEA05C /* Pods-MercadoBitcoin-MercadoBitcoinUITests.debug.xcconfig */;
			buildSettings = {
				ALWAYS_EMBED_SWIFT_STANDARD_LIBRARIES = YES;
				CODE_SIGN_STYLE = Automatic;
				CURRENT_PROJECT_VERSION = 1;
				DEVELOPMENT_TEAM = 8TSAD4L2TJ;
				GENERATE_INFOPLIST_FILE = YES;
				MARKETING_VERSION = 1.0;
				PRODUCT_BUNDLE_IDENTIFIER = com.giampaoli.MercadoBitcoinUITests;
				PRODUCT_NAME = "$(TARGET_NAME)";
				SWIFT_EMIT_LOC_STRINGS = NO;
				SWIFT_VERSION = 5.0;
				TARGETED_DEVICE_FAMILY = "1,2";
				TEST_TARGET_NAME = MercadoBitcoin;
			};
			name = Debug;
		};
		DDAAAAE92A1A641D00D36D85 /* Release */ = {
			isa = XCBuildConfiguration;
			baseConfigurationReference = B90FB68065E291D09ABD3BB6 /* Pods-MercadoBitcoin-MercadoBitcoinUITests.release.xcconfig */;
			buildSettings = {
				ALWAYS_EMBED_SWIFT_STANDARD_LIBRARIES = YES;
				CODE_SIGN_STYLE = Automatic;
				CURRENT_PROJECT_VERSION = 1;
				DEVELOPMENT_TEAM = 8TSAD4L2TJ;
				GENERATE_INFOPLIST_FILE = YES;
				MARKETING_VERSION = 1.0;
				PRODUCT_BUNDLE_IDENTIFIER = com.giampaoli.MercadoBitcoinUITests;
				PRODUCT_NAME = "$(TARGET_NAME)";
				SWIFT_EMIT_LOC_STRINGS = NO;
				SWIFT_VERSION = 5.0;
				TARGETED_DEVICE_FAMILY = "1,2";
				TEST_TARGET_NAME = MercadoBitcoin;
			};
			name = Release;
		};
		DDAAAB2F2A1F7D7C00D36D85 /* Debug */ = {
			isa = XCBuildConfiguration;
			buildSettings = {
				BUNDLE_LOADER = "$(TEST_HOST)";
				CODE_SIGN_STYLE = Automatic;
				CURRENT_PROJECT_VERSION = 1;
				DEVELOPMENT_TEAM = 8TSAD4L2TJ;
				GENERATE_INFOPLIST_FILE = YES;
				MARKETING_VERSION = 1.0;
				PRODUCT_BUNDLE_IDENTIFIER = com.giampaoli.MercadoBitcoinTests;
				PRODUCT_NAME = "$(TARGET_NAME)";
				SWIFT_EMIT_LOC_STRINGS = NO;
				SWIFT_VERSION = 5.0;
				TARGETED_DEVICE_FAMILY = "1,2";
				TEST_HOST = "$(BUILT_PRODUCTS_DIR)/MercadoBitcoin.app/$(BUNDLE_EXECUTABLE_FOLDER_PATH)/MercadoBitcoin";
			};
			name = Debug;
		};
		DDAAAB302A1F7D7C00D36D85 /* Release */ = {
			isa = XCBuildConfiguration;
			buildSettings = {
				BUNDLE_LOADER = "$(TEST_HOST)";
				CODE_SIGN_STYLE = Automatic;
				CURRENT_PROJECT_VERSION = 1;
				DEVELOPMENT_TEAM = 8TSAD4L2TJ;
				GENERATE_INFOPLIST_FILE = YES;
				MARKETING_VERSION = 1.0;
				PRODUCT_BUNDLE_IDENTIFIER = com.giampaoli.MercadoBitcoinTests;
				PRODUCT_NAME = "$(TARGET_NAME)";
				SWIFT_EMIT_LOC_STRINGS = NO;
				SWIFT_VERSION = 5.0;
				TARGETED_DEVICE_FAMILY = "1,2";
				TEST_HOST = "$(BUILT_PRODUCTS_DIR)/MercadoBitcoin.app/$(BUNDLE_EXECUTABLE_FOLDER_PATH)/MercadoBitcoin";
			};
			name = Release;
		};
/* End XCBuildConfiguration section */

/* Begin XCConfigurationList section */
		DDAAAAB22A1A641C00D36D85 /* Build configuration list for PBXProject "MercadoBitcoin" */ = {
			isa = XCConfigurationList;
			buildConfigurations = (
				DDAAAADF2A1A641D00D36D85 /* Debug */,
				DDAAAAE02A1A641D00D36D85 /* Release */,
			);
			defaultConfigurationIsVisible = 0;
			defaultConfigurationName = Release;
		};
		DDAAAAE12A1A641D00D36D85 /* Build configuration list for PBXNativeTarget "MercadoBitcoin" */ = {
			isa = XCConfigurationList;
			buildConfigurations = (
				DDAAAAE22A1A641D00D36D85 /* Debug */,
				DDAAAAE32A1A641D00D36D85 /* Release */,
			);
			defaultConfigurationIsVisible = 0;
			defaultConfigurationName = Release;
		};
		DDAAAAE72A1A641D00D36D85 /* Build configuration list for PBXNativeTarget "MercadoBitcoinUITests" */ = {
			isa = XCConfigurationList;
			buildConfigurations = (
				DDAAAAE82A1A641D00D36D85 /* Debug */,
				DDAAAAE92A1A641D00D36D85 /* Release */,
			);
			defaultConfigurationIsVisible = 0;
			defaultConfigurationName = Release;
		};
		DDAAAB2E2A1F7D7C00D36D85 /* Build configuration list for PBXNativeTarget "MercadoBitcoinTests" */ = {
			isa = XCConfigurationList;
			buildConfigurations = (
				DDAAAB2F2A1F7D7C00D36D85 /* Debug */,
				DDAAAB302A1F7D7C00D36D85 /* Release */,
			);
			defaultConfigurationIsVisible = 0;
			defaultConfigurationName = Release;
		};
/* End XCConfigurationList section */
	};
	rootObject = DDAAAAAF2A1A641C00D36D85 /* Project object */;
}
