// !$*UTF8*$!
{
	archiveVersion = 1;
	classes = {
	};
	objectVersion = 56;
	objects = {

/* Begin PBXBuildFile section */
		DDAAAABB2A1A641C00D36D85 /* AppDelegate.swift in Sources */ = {isa = PBXBuildFile; fileRef = DDAAAABA2A1A641C00D36D85 /* AppDelegate.swift */; };
		DDAAAABD2A1A641C00D36D85 /* SceneDelegate.swift in Sources */ = {isa = PBXBuildFile; fileRef = DDAAAABC2A1A641C00D36D85 /* SceneDelegate.swift */; };
		DDAAAABF2A1A641C00D36D85 /* ViewController.swift in Sources */ = {isa = PBXBuildFile; fileRef = DDAAAABE2A1A641C00D36D85 /* ViewController.swift */; };
		DDAAAAC22A1A641C00D36D85 /* Main.storyboard in Resources */ = {isa = PBXBuildFile; fileRef = DDAAAAC02A1A641C00D36D85 /* Main.storyboard */; };
		DDAAAAC42A1A641D00D36D85 /* Assets.xcassets in Resources */ = {isa = PBXBuildFile; fileRef = DDAAAAC32A1A641D00D36D85 /* Assets.xcassets */; };
		DDAAAAC72A1A641D00D36D85 /* LaunchScreen.storyboard in Resources */ = {isa = PBXBuildFile; fileRef = DDAAAAC52A1A641D00D36D85 /* LaunchScreen.storyboard */; };
		DDAAAAD22A1A641D00D36D85 /* MercadoBitcoinTests.swift in Sources */ = {isa = PBXBuildFile; fileRef = DDAAAAD12A1A641D00D36D85 /* MercadoBitcoinTests.swift */; };
		DDAAAADC2A1A641D00D36D85 /* MercadoBitcoinUITests.swift in Sources */ = {isa = PBXBuildFile; fileRef = DDAAAADB2A1A641D00D36D85 /* MercadoBitcoinUITests.swift */; };
		DDAAAADE2A1A641D00D36D85 /* MercadoBitcoinUITestsLaunchTests.swift in Sources */ = {isa = PBXBuildFile; fileRef = DDAAAADD2A1A641D00D36D85 /* MercadoBitcoinUITestsLaunchTests.swift */; };
/* End PBXBuildFile section */

/* Begin PBXContainerItemProxy section */
		DDAAAACE2A1A641D00D36D85 /* PBXContainerItemProxy */ = {
			isa = PBXContainerItemProxy;
			containerPortal = DDAAAAAF2A1A641C00D36D85 /* Project object */;
			proxyType = 1;
			remoteGlobalIDString = DDAAAAB62A1A641C00D36D85;
			remoteInfo = MercadoBitcoin;
		};
		DDAAAAD82A1A641D00D36D85 /* PBXContainerItemProxy */ = {
			isa = PBXContainerItemProxy;
			containerPortal = DDAAAAAF2A1A641C00D36D85 /* Project object */;
			proxyType = 1;
			remoteGlobalIDString = DDAAAAB62A1A641C00D36D85;
			remoteInfo = MercadoBitcoin;
		};
/* End PBXContainerItemProxy section */

/* Begin PBXFileReference section */
		DDAAAAB72A1A641C00D36D85 /* MercadoBitcoin.app */ = {isa = PBXFileReference; explicitFileType = wrapper.application; includeInIndex = 0; path = MercadoBitcoin.app; sourceTree = BUILT_PRODUCTS_DIR; };
		DDAAAABA2A1A641C00D36D85 /* AppDelegate.swift */ = {isa = PBXFileReference; lastKnownFileType = sourcecode.swift; path = AppDelegate.swift; sourceTree = "<group>"; };
		DDAAAABC2A1A641C00D36D85 /* SceneDelegate.swift */ = {isa = PBXFileReference; lastKnownFileType = sourcecode.swift; path = SceneDelegate.swift; sourceTree = "<group>"; };
		DDAAAABE2A1A641C00D36D85 /* ViewController.swift */ = {isa = PBXFileReference; lastKnownFileType = sourcecode.swift; path = ViewController.swift; sourceTree = "<group>"; };
		DDAAAAC12A1A641C00D36D85 /* Base */ = {isa = PBXFileReference; lastKnownFileType = file.storyboard; name = Base; path = Base.lproj/Main.storyboard; sourceTree = "<group>"; };
		DDAAAAC32A1A641D00D36D85 /* Assets.xcassets */ = {isa = PBXFileReference; lastKnownFileType = folder.assetcatalog; path = Assets.xcassets; sourceTree = "<group>"; };
		DDAAAAC62A1A641D00D36D85 /* Base */ = {isa = PBXFileReference; lastKnownFileType = file.storyboard; name = Base; path = Base.lproj/LaunchScreen.storyboard; sourceTree = "<group>"; };
		DDAAAAC82A1A641D00D36D85 /* Info.plist */ = {isa = PBXFileReference; lastKnownFileType = text.plist.xml; path = Info.plist; sourceTree = "<group>"; };
		DDAAAACD2A1A641D00D36D85 /* MercadoBitcoinTests.xctest */ = {isa = PBXFileReference; explicitFileType = wrapper.cfbundle; includeInIndex = 0; path = MercadoBitcoinTests.xctest; sourceTree = BUILT_PRODUCTS_DIR; };
		DDAAAAD12A1A641D00D36D85 /* MercadoBitcoinTests.swift */ = {isa = PBXFileReference; lastKnownFileType = sourcecode.swift; path = MercadoBitcoinTests.swift; sourceTree = "<group>"; };
		DDAAAAD72A1A641D00D36D85 /* MercadoBitcoinUITests.xctest */ = {isa = PBXFileReference; explicitFileType = wrapper.cfbundle; includeInIndex = 0; path = MercadoBitcoinUITests.xctest; sourceTree = BUILT_PRODUCTS_DIR; };
		DDAAAADB2A1A641D00D36D85 /* MercadoBitcoinUITests.swift */ = {isa = PBXFileReference; lastKnownFileType = sourcecode.swift; path = MercadoBitcoinUITests.swift; sourceTree = "<group>"; };
		DDAAAADD2A1A641D00D36D85 /* MercadoBitcoinUITestsLaunchTests.swift */ = {isa = PBXFileReference; lastKnownFileType = sourcecode.swift; path = MercadoBitcoinUITestsLaunchTests.swift; sourceTree = "<group>"; };
/* End PBXFileReference section */

/* Begin PBXFrameworksBuildPhase section */
		DDAAAAB42A1A641C00D36D85 /* Frameworks */ = {
			isa = PBXFrameworksBuildPhase;
			buildActionMask = 2147483647;
			files = (
			);
			runOnlyForDeploymentPostprocessing = 0;
		};
		DDAAAACA2A1A641D00D36D85 /* Frameworks */ = {
			isa = PBXFrameworksBuildPhase;
			buildActionMask = 2147483647;
			files = (
			);
			runOnlyForDeploymentPostprocessing = 0;
		};
		DDAAAAD42A1A641D00D36D85 /* Frameworks */ = {
			isa = PBXFrameworksBuildPhase;
			buildActionMask = 2147483647;
			files = (
			);
			runOnlyForDeploymentPostprocessing = 0;
		};
/* End PBXFrameworksBuildPhase section */

/* Begin PBXGroup section */
		DDAAAAAE2A1A641C00D36D85 = {
			isa = PBXGroup;
			children = (
				DDAAAAB92A1A641C00D36D85 /* MercadoBitcoin */,
				DDAAAAD02A1A641D00D36D85 /* MercadoBitcoinTests */,
				DDAAAADA2A1A641D00D36D85 /* MercadoBitcoinUITests */,
				DDAAAAB82A1A641C00D36D85 /* Products */,
			);
			sourceTree = "<group>";
		};
		DDAAAAB82A1A641C00D36D85 /* Products */ = {
			isa = PBXGroup;
			children = (
				DDAAAAB72A1A641C00D36D85 /* MercadoBitcoin.app */,
				DDAAAACD2A1A641D00D36D85 /* MercadoBitcoinTests.xctest */,
				DDAAAAD72A1A641D00D36D85 /* MercadoBitcoinUITests.xctest */,
			);
			name = Products;
			sourceTree = "<group>";
		};
		DDAAAAB92A1A641C00D36D85 /* MercadoBitcoin */ = {
			isa = PBXGroup;
			children = (
				DDAAAABA2A1A641C00D36D85 /* AppDelegate.swift */,
				DDAAAABC2A1A641C00D36D85 /* SceneDelegate.swift */,
				DDAAAABE2A1A641C00D36D85 /* ViewController.swift */,
				DDAAAAC02A1A641C00D36D85 /* Main.storyboard */,
				DDAAAAC32A1A641D00D36D85 /* Assets.xcassets */,
				DDAAAAC52A1A641D00D36D85 /* LaunchScreen.storyboard */,
				DDAAAAC82A1A641D00D36D85 /* Info.plist */,
			);
			path = MercadoBitcoin;
			sourceTree = "<group>";
		};
		DDAAAAD02A1A641D00D36D85 /* MercadoBitcoinTests */ = {
			isa = PBXGroup;
			children = (
				DDAAAAD12A1A641D00D36D85 /* MercadoBitcoinTests.swift */,
			);
			path = MercadoBitcoinTests;
			sourceTree = "<group>";
		};
		DDAAAADA2A1A641D00D36D85 /* MercadoBitcoinUITests */ = {
			isa = PBXGroup;
			children = (
				DDAAAADB2A1A641D00D36D85 /* MercadoBitcoinUITests.swift */,
				DDAAAADD2A1A641D00D36D85 /* MercadoBitcoinUITestsLaunchTests.swift */,
			);
			path = MercadoBitcoinUITests;
			sourceTree = "<group>";
		};
/* End PBXGroup section */

/* Begin PBXNativeTarget section */
		DDAAAAB62A1A641C00D36D85 /* MercadoBitcoin */ = {
			isa = PBXNativeTarget;
			buildConfigurationList = DDAAAAE12A1A641D00D36D85 /* Build configuration list for PBXNativeTarget "MercadoBitcoin" */;
			buildPhases = (
				DDAAAAB32A1A641C00D36D85 /* Sources */,
				DDAAAAB42A1A641C00D36D85 /* Frameworks */,
				DDAAAAB52A1A641C00D36D85 /* Resources */,
			);
			buildRules = (
			);
			dependencies = (
			);
			name = MercadoBitcoin;
			productName = MercadoBitcoin;
			productReference = DDAAAAB72A1A641C00D36D85 /* MercadoBitcoin.app */;
			productType = "com.apple.product-type.application";
		};
		DDAAAACC2A1A641D00D36D85 /* MercadoBitcoinTests */ = {
			isa = PBXNativeTarget;
			buildConfigurationList = DDAAAAE42A1A641D00D36D85 /* Build configuration list for PBXNativeTarget "MercadoBitcoinTests" */;
			buildPhases = (
				DDAAAAC92A1A641D00D36D85 /* Sources */,
				DDAAAACA2A1A641D00D36D85 /* Frameworks */,
				DDAAAACB2A1A641D00D36D85 /* Resources */,
			);
			buildRules = (
			);
			dependencies = (
				DDAAAACF2A1A641D00D36D85 /* PBXTargetDependency */,
			);
			name = MercadoBitcoinTests;
			productName = MercadoBitcoinTests;
			productReference = DDAAAACD2A1A641D00D36D85 /* MercadoBitcoinTests.xctest */;
			productType = "com.apple.product-type.bundle.unit-test";
		};
		DDAAAAD62A1A641D00D36D85 /* MercadoBitcoinUITests */ = {
			isa = PBXNativeTarget;
			buildConfigurationList = DDAAAAE72A1A641D00D36D85 /* Build configuration list for PBXNativeTarget "MercadoBitcoinUITests" */;
			buildPhases = (
				DDAAAAD32A1A641D00D36D85 /* Sources */,
				DDAAAAD42A1A641D00D36D85 /* Frameworks */,
				DDAAAAD52A1A641D00D36D85 /* Resources */,
			);
			buildRules = (
			);
			dependencies = (
				DDAAAAD92A1A641D00D36D85 /* PBXTargetDependency */,
			);
			name = MercadoBitcoinUITests;
			productName = MercadoBitcoinUITests;
			productReference = DDAAAAD72A1A641D00D36D85 /* MercadoBitcoinUITests.xctest */;
			productType = "com.apple.product-type.bundle.ui-testing";
		};
/* End PBXNativeTarget section */

/* Begin PBXProject section */
		DDAAAAAF2A1A641C00D36D85 /* Project object */ = {
			isa = PBXProject;
			attributes = {
				BuildIndependentTargetsInParallel = 1;
				LastSwiftUpdateCheck = 1420;
				LastUpgradeCheck = 1420;
				TargetAttributes = {
					DDAAAAB62A1A641C00D36D85 = {
						CreatedOnToolsVersion = 14.2;
					};
					DDAAAACC2A1A641D00D36D85 = {
						CreatedOnToolsVersion = 14.2;
						TestTargetID = DDAAAAB62A1A641C00D36D85;
					};
					DDAAAAD62A1A641D00D36D85 = {
						CreatedOnToolsVersion = 14.2;
						TestTargetID = DDAAAAB62A1A641C00D36D85;
					};
				};
			};
			buildConfigurationList = DDAAAAB22A1A641C00D36D85 /* Build configuration list for PBXProject "MercadoBitcoin" */;
			compatibilityVersion = "Xcode 14.0";
			developmentRegion = en;
			hasScannedForEncodings = 0;
			knownRegions = (
				en,
				Base,
			);
			mainGroup = DDAAAAAE2A1A641C00D36D85;
			productRefGroup = DDAAAAB82A1A641C00D36D85 /* Products */;
			projectDirPath = "";
			projectRoot = "";
			targets = (
				DDAAAAB62A1A641C00D36D85 /* MercadoBitcoin */,
				DDAAAACC2A1A641D00D36D85 /* MercadoBitcoinTests */,
				DDAAAAD62A1A641D00D36D85 /* MercadoBitcoinUITests */,
			);
		};
/* End PBXProject section */

/* Begin PBXResourcesBuildPhase section */
		DDAAAAB52A1A641C00D36D85 /* Resources */ = {
			isa = PBXResourcesBuildPhase;
			buildActionMask = 2147483647;
			files = (
				DDAAAAC72A1A641D00D36D85 /* LaunchScreen.storyboard in Resources */,
				DDAAAAC42A1A641D00D36D85 /* Assets.xcassets in Resources */,
				DDAAAAC22A1A641C00D36D85 /* Main.storyboard in Resources */,
			);
			runOnlyForDeploymentPostprocessing = 0;
		};
		DDAAAACB2A1A641D00D36D85 /* Resources */ = {
			isa = PBXResourcesBuildPhase;
			buildActionMask = 2147483647;
			files = (
			);
			runOnlyForDeploymentPostprocessing = 0;
		};
		DDAAAAD52A1A641D00D36D85 /* Resources */ = {
			isa = PBXResourcesBuildPhase;
			buildActionMask = 2147483647;
			files = (
			);
			runOnlyForDeploymentPostprocessing = 0;
		};
/* End PBXResourcesBuildPhase section */

/* Begin PBXSourcesBuildPhase section */
		DDAAAAB32A1A641C00D36D85 /* Sources */ = {
			isa = PBXSourcesBuildPhase;
			buildActionMask = 2147483647;
			files = (
				DDAAAABF2A1A641C00D36D85 /* ViewController.swift in Sources */,
				DDAAAABB2A1A641C00D36D85 /* AppDelegate.swift in Sources */,
				DDAAAABD2A1A641C00D36D85 /* SceneDelegate.swift in Sources */,
			);
			runOnlyForDeploymentPostprocessing = 0;
		};
		DDAAAAC92A1A641D00D36D85 /* Sources */ = {
			isa = PBXSourcesBuildPhase;
			buildActionMask = 2147483647;
			files = (
				DDAAAAD22A1A641D00D36D85 /* MercadoBitcoinTests.swift in Sources */,
			);
			runOnlyForDeploymentPostprocessing = 0;
		};
		DDAAAAD32A1A641D00D36D85 /* Sources */ = {
			isa = PBXSourcesBuildPhase;
			buildActionMask = 2147483647;
			files = (
				DDAAAADC2A1A641D00D36D85 /* MercadoBitcoinUITests.swift in Sources */,
				DDAAAADE2A1A641D00D36D85 /* MercadoBitcoinUITestsLaunchTests.swift in Sources */,
			);
			runOnlyForDeploymentPostprocessing = 0;
		};
/* End PBXSourcesBuildPhase section */

/* Begin PBXTargetDependency section */
		DDAAAACF2A1A641D00D36D85 /* PBXTargetDependency */ = {
			isa = PBXTargetDependency;
			target = DDAAAAB62A1A641C00D36D85 /* MercadoBitcoin */;
			targetProxy = DDAAAACE2A1A641D00D36D85 /* PBXContainerItemProxy */;
		};
		DDAAAAD92A1A641D00D36D85 /* PBXTargetDependency */ = {
			isa = PBXTargetDependency;
			target = DDAAAAB62A1A641C00D36D85 /* MercadoBitcoin */;
			targetProxy = DDAAAAD82A1A641D00D36D85 /* PBXContainerItemProxy */;
		};
/* End PBXTargetDependency section */

/* Begin PBXVariantGroup section */
		DDAAAAC02A1A641C00D36D85 /* Main.storyboard */ = {
			isa = PBXVariantGroup;
			children = (
				DDAAAAC12A1A641C00D36D85 /* Base */,
			);
			name = Main.storyboard;
			sourceTree = "<group>";
		};
		DDAAAAC52A1A641D00D36D85 /* LaunchScreen.storyboard */ = {
			isa = PBXVariantGroup;
			children = (
				DDAAAAC62A1A641D00D36D85 /* Base */,
			);
			name = LaunchScreen.storyboard;
			sourceTree = "<group>";
		};
/* End PBXVariantGroup section */

/* Begin XCBuildConfiguration section */
		DDAAAADF2A1A641D00D36D85 /* Debug */ = {
			isa = XCBuildConfiguration;
			buildSettings = {
				ALWAYS_SEARCH_USER_PATHS = NO;
				CLANG_ANALYZER_NONNULL = YES;
				CLANG_ANALYZER_NUMBER_OBJECT_CONVERSION = YES_AGGRESSIVE;
				CLANG_CXX_LANGUAGE_STANDARD = "gnu++20";
				CLANG_ENABLE_MODULES = YES;
				CLANG_ENABLE_OBJC_ARC = YES;
				CLANG_ENABLE_OBJC_WEAK = YES;
				CLANG_WARN_BLOCK_CAPTURE_AUTORELEASING = YES;
				CLANG_WARN_BOOL_CONVERSION = YES;
				CLANG_WARN_COMMA = YES;
				CLANG_WARN_CONSTANT_CONVERSION = YES;
				CLANG_WARN_DEPRECATED_OBJC_IMPLEMENTATIONS = YES;
				CLANG_WARN_DIRECT_OBJC_ISA_USAGE = YES_ERROR;
				CLANG_WARN_DOCUMENTATION_COMMENTS = YES;
				CLANG_WARN_EMPTY_BODY = YES;
				CLANG_WARN_ENUM_CONVERSION = YES;
				CLANG_WARN_INFINITE_RECURSION = YES;
				CLANG_WARN_INT_CONVERSION = YES;
				CLANG_WARN_NON_LITERAL_NULL_CONVERSION = YES;
				CLANG_WARN_OBJC_IMPLICIT_RETAIN_SELF = YES;
				CLANG_WARN_OBJC_LITERAL_CONVERSION = YES;
				CLANG_WARN_OBJC_ROOT_CLASS = YES_ERROR;
				CLANG_WARN_QUOTED_INCLUDE_IN_FRAMEWORK_HEADER = YES;
				CLANG_WARN_RANGE_LOOP_ANALYSIS = YES;
				CLANG_WARN_STRICT_PROTOTYPES = YES;
				CLANG_WARN_SUSPICIOUS_MOVE = YES;
				CLANG_WARN_UNGUARDED_AVAILABILITY = YES_AGGRESSIVE;
				CLANG_WARN_UNREACHABLE_CODE = YES;
				CLANG_WARN__DUPLICATE_METHOD_MATCH = YES;
				COPY_PHASE_STRIP = NO;
				DEBUG_INFORMATION_FORMAT = dwarf;
				ENABLE_STRICT_OBJC_MSGSEND = YES;
				ENABLE_TESTABILITY = YES;
				GCC_C_LANGUAGE_STANDARD = gnu11;
				GCC_DYNAMIC_NO_PIC = NO;
				GCC_NO_COMMON_BLOCKS = YES;
				GCC_OPTIMIZATION_LEVEL = 0;
				GCC_PREPROCESSOR_DEFINITIONS = (
					"DEBUG=1",
					"$(inherited)",
				);
				GCC_WARN_64_TO_32_BIT_CONVERSION = YES;
				GCC_WARN_ABOUT_RETURN_TYPE = YES_ERROR;
				GCC_WARN_UNDECLARED_SELECTOR = YES;
				GCC_WARN_UNINITIALIZED_AUTOS = YES_AGGRESSIVE;
				GCC_WARN_UNUSED_FUNCTION = YES;
				GCC_WARN_UNUSED_VARIABLE = YES;
				IPHONEOS_DEPLOYMENT_TARGET = 16.2;
				MTL_ENABLE_DEBUG_INFO = INCLUDE_SOURCE;
				MTL_FAST_MATH = YES;
				ONLY_ACTIVE_ARCH = YES;
				SDKROOT = iphoneos;
				SWIFT_ACTIVE_COMPILATION_CONDITIONS = DEBUG;
				SWIFT_OPTIMIZATION_LEVEL = "-Onone";
			};
			name = Debug;
		};
		DDAAAAE02A1A641D00D36D85 /* Release */ = {
			isa = XCBuildConfiguration;
			buildSettings = {
				ALWAYS_SEARCH_USER_PATHS = NO;
				CLANG_ANALYZER_NONNULL = YES;
				CLANG_ANALYZER_NUMBER_OBJECT_CONVERSION = YES_AGGRESSIVE;
				CLANG_CXX_LANGUAGE_STANDARD = "gnu++20";
				CLANG_ENABLE_MODULES = YES;
				CLANG_ENABLE_OBJC_ARC = YES;
				CLANG_ENABLE_OBJC_WEAK = YES;
				CLANG_WARN_BLOCK_CAPTURE_AUTORELEASING = YES;
				CLANG_WARN_BOOL_CONVERSION = YES;
				CLANG_WARN_COMMA = YES;
				CLANG_WARN_CONSTANT_CONVERSION = YES;
				CLANG_WARN_DEPRECATED_OBJC_IMPLEMENTATIONS = YES;
				CLANG_WARN_DIRECT_OBJC_ISA_USAGE = YES_ERROR;
				CLANG_WARN_DOCUMENTATION_COMMENTS = YES;
				CLANG_WARN_EMPTY_BODY = YES;
				CLANG_WARN_ENUM_CONVERSION = YES;
				CLANG_WARN_INFINITE_RECURSION = YES;
				CLANG_WARN_INT_CONVERSION = YES;
				CLANG_WARN_NON_LITERAL_NULL_CONVERSION = YES;
				CLANG_WARN_OBJC_IMPLICIT_RETAIN_SELF = YES;
				CLANG_WARN_OBJC_LITERAL_CONVERSION = YES;
				CLANG_WARN_OBJC_ROOT_CLASS = YES_ERROR;
				CLANG_WARN_QUOTED_INCLUDE_IN_FRAMEWORK_HEADER = YES;
				CLANG_WARN_RANGE_LOOP_ANALYSIS = YES;
				CLANG_WARN_STRICT_PROTOTYPES = YES;
				CLANG_WARN_SUSPICIOUS_MOVE = YES;
				CLANG_WARN_UNGUARDED_AVAILABILITY = YES_AGGRESSIVE;
				CLANG_WARN_UNREACHABLE_CODE = YES;
				CLANG_WARN__DUPLICATE_METHOD_MATCH = YES;
				COPY_PHASE_STRIP = NO;
				DEBUG_INFORMATION_FORMAT = "dwarf-with-dsym";
				ENABLE_NS_ASSERTIONS = NO;
				ENABLE_STRICT_OBJC_MSGSEND = YES;
				GCC_C_LANGUAGE_STANDARD = gnu11;
				GCC_NO_COMMON_BLOCKS = YES;
				GCC_WARN_64_TO_32_BIT_CONVERSION = YES;
				GCC_WARN_ABOUT_RETURN_TYPE = YES_ERROR;
				GCC_WARN_UNDECLARED_SELECTOR = YES;
				GCC_WARN_UNINITIALIZED_AUTOS = YES_AGGRESSIVE;
				GCC_WARN_UNUSED_FUNCTION = YES;
				GCC_WARN_UNUSED_VARIABLE = YES;
				IPHONEOS_DEPLOYMENT_TARGET = 16.2;
				MTL_ENABLE_DEBUG_INFO = NO;
				MTL_FAST_MATH = YES;
				SDKROOT = iphoneos;
				SWIFT_COMPILATION_MODE = wholemodule;
				SWIFT_OPTIMIZATION_LEVEL = "-O";
				VALIDATE_PRODUCT = YES;
			};
			name = Release;
		};
		DDAAAAE22A1A641D00D36D85 /* Debug */ = {
			isa = XCBuildConfiguration;
			buildSettings = {
				ASSETCATALOG_COMPILER_APPICON_NAME = AppIcon;
				ASSETCATALOG_COMPILER_GLOBAL_ACCENT_COLOR_NAME = AccentColor;
				CODE_SIGN_STYLE = Automatic;
				CURRENT_PROJECT_VERSION = 1;
				DEVELOPMENT_TEAM = 8TSAD4L2TJ;
				GENERATE_INFOPLIST_FILE = YES;
				INFOPLIST_FILE = MercadoBitcoin/Info.plist;
				INFOPLIST_KEY_UIApplicationSupportsIndirectInputEvents = YES;
				INFOPLIST_KEY_UILaunchStoryboardName = LaunchScreen;
				INFOPLIST_KEY_UIMainStoryboardFile = Main;
				INFOPLIST_KEY_UISupportedInterfaceOrientations_iPad = "UIInterfaceOrientationPortrait UIInterfaceOrientationPortraitUpsideDown UIInterfaceOrientationLandscapeLeft UIInterfaceOrientationLandscapeRight";
				INFOPLIST_KEY_UISupportedInterfaceOrientations_iPhone = "UIInterfaceOrientationPortrait UIInterfaceOrientationLandscapeLeft UIInterfaceOrientationLandscapeRight";
				LD_RUNPATH_SEARCH_PATHS = (
					"$(inherited)",
					"@executable_path/Frameworks",
				);
				MARKETING_VERSION = 1.0;
				PRODUCT_BUNDLE_IDENTIFIER = com.giampaoli.MercadoBitcoin;
				PRODUCT_NAME = "$(TARGET_NAME)";
				SWIFT_EMIT_LOC_STRINGS = YES;
				SWIFT_VERSION = 5.0;
				TARGETED_DEVICE_FAMILY = "1,2";
			};
			name = Debug;
		};
		DDAAAAE32A1A641D00D36D85 /* Release */ = {
			isa = XCBuildConfiguration;
			buildSettings = {
				ASSETCATALOG_COMPILER_APPICON_NAME = AppIcon;
				ASSETCATALOG_COMPILER_GLOBAL_ACCENT_COLOR_NAME = AccentColor;
				CODE_SIGN_STYLE = Automatic;
				CURRENT_PROJECT_VERSION = 1;
				DEVELOPMENT_TEAM = 8TSAD4L2TJ;
				GENERATE_INFOPLIST_FILE = YES;
				INFOPLIST_FILE = MercadoBitcoin/Info.plist;
				INFOPLIST_KEY_UIApplicationSupportsIndirectInputEvents = YES;
				INFOPLIST_KEY_UILaunchStoryboardName = LaunchScreen;
				INFOPLIST_KEY_UIMainStoryboardFile = Main;
				INFOPLIST_KEY_UISupportedInterfaceOrientations_iPad = "UIInterfaceOrientationPortrait UIInterfaceOrientationPortraitUpsideDown UIInterfaceOrientationLandscapeLeft UIInterfaceOrientationLandscapeRight";
				INFOPLIST_KEY_UISupportedInterfaceOrientations_iPhone = "UIInterfaceOrientationPortrait UIInterfaceOrientationLandscapeLeft UIInterfaceOrientationLandscapeRight";
				LD_RUNPATH_SEARCH_PATHS = (
					"$(inherited)",
					"@executable_path/Frameworks",
				);
				MARKETING_VERSION = 1.0;
				PRODUCT_BUNDLE_IDENTIFIER = com.giampaoli.MercadoBitcoin;
				PRODUCT_NAME = "$(TARGET_NAME)";
				SWIFT_EMIT_LOC_STRINGS = YES;
				SWIFT_VERSION = 5.0;
				TARGETED_DEVICE_FAMILY = "1,2";
			};
			name = Release;
		};
		DDAAAAE52A1A641D00D36D85 /* Debug */ = {
			isa = XCBuildConfiguration;
			buildSettings = {
				ALWAYS_EMBED_SWIFT_STANDARD_LIBRARIES = YES;
				BUNDLE_LOADER = "$(TEST_HOST)";
				CODE_SIGN_STYLE = Automatic;
				CURRENT_PROJECT_VERSION = 1;
				DEVELOPMENT_TEAM = 8TSAD4L2TJ;
				GENERATE_INFOPLIST_FILE = YES;
				IPHONEOS_DEPLOYMENT_TARGET = 16.2;
				MARKETING_VERSION = 1.0;
				PRODUCT_BUNDLE_IDENTIFIER = com.giampaoli.MercadoBitcoinTests;
				PRODUCT_NAME = "$(TARGET_NAME)";
				SWIFT_EMIT_LOC_STRINGS = NO;
				SWIFT_VERSION = 5.0;
				TARGETED_DEVICE_FAMILY = "1,2";
				TEST_HOST = "$(BUILT_PRODUCTS_DIR)/MercadoBitcoin.app/$(BUNDLE_EXECUTABLE_FOLDER_PATH)/MercadoBitcoin";
			};
			name = Debug;
		};
		DDAAAAE62A1A641D00D36D85 /* Release */ = {
			isa = XCBuildConfiguration;
			buildSettings = {
				ALWAYS_EMBED_SWIFT_STANDARD_LIBRARIES = YES;
				BUNDLE_LOADER = "$(TEST_HOST)";
				CODE_SIGN_STYLE = Automatic;
				CURRENT_PROJECT_VERSION = 1;
				DEVELOPMENT_TEAM = 8TSAD4L2TJ;
				GENERATE_INFOPLIST_FILE = YES;
				IPHONEOS_DEPLOYMENT_TARGET = 16.2;
				MARKETING_VERSION = 1.0;
				PRODUCT_BUNDLE_IDENTIFIER = com.giampaoli.MercadoBitcoinTests;
				PRODUCT_NAME = "$(TARGET_NAME)";
				SWIFT_EMIT_LOC_STRINGS = NO;
				SWIFT_VERSION = 5.0;
				TARGETED_DEVICE_FAMILY = "1,2";
				TEST_HOST = "$(BUILT_PRODUCTS_DIR)/MercadoBitcoin.app/$(BUNDLE_EXECUTABLE_FOLDER_PATH)/MercadoBitcoin";
			};
			name = Release;
		};
		DDAAAAE82A1A641D00D36D85 /* Debug */ = {
			isa = XCBuildConfiguration;
			buildSettings = {
				ALWAYS_EMBED_SWIFT_STANDARD_LIBRARIES = YES;
				CODE_SIGN_STYLE = Automatic;
				CURRENT_PROJECT_VERSION = 1;
				DEVELOPMENT_TEAM = 8TSAD4L2TJ;
				GENERATE_INFOPLIST_FILE = YES;
				MARKETING_VERSION = 1.0;
				PRODUCT_BUNDLE_IDENTIFIER = com.giampaoli.MercadoBitcoinUITests;
				PRODUCT_NAME = "$(TARGET_NAME)";
				SWIFT_EMIT_LOC_STRINGS = NO;
				SWIFT_VERSION = 5.0;
				TARGETED_DEVICE_FAMILY = "1,2";
				TEST_TARGET_NAME = MercadoBitcoin;
			};
			name = Debug;
		};
		DDAAAAE92A1A641D00D36D85 /* Release */ = {
			isa = XCBuildConfiguration;
			buildSettings = {
				ALWAYS_EMBED_SWIFT_STANDARD_LIBRARIES = YES;
				CODE_SIGN_STYLE = Automatic;
				CURRENT_PROJECT_VERSION = 1;
				DEVELOPMENT_TEAM = 8TSAD4L2TJ;
				GENERATE_INFOPLIST_FILE = YES;
				MARKETING_VERSION = 1.0;
				PRODUCT_BUNDLE_IDENTIFIER = com.giampaoli.MercadoBitcoinUITests;
				PRODUCT_NAME = "$(TARGET_NAME)";
				SWIFT_EMIT_LOC_STRINGS = NO;
				SWIFT_VERSION = 5.0;
				TARGETED_DEVICE_FAMILY = "1,2";
				TEST_TARGET_NAME = MercadoBitcoin;
			};
			name = Release;
		};
/* End XCBuildConfiguration section */

/* Begin XCConfigurationList section */
		DDAAAAB22A1A641C00D36D85 /* Build configuration list for PBXProject "MercadoBitcoin" */ = {
			isa = XCConfigurationList;
			buildConfigurations = (
				DDAAAADF2A1A641D00D36D85 /* Debug */,
				DDAAAAE02A1A641D00D36D85 /* Release */,
			);
			defaultConfigurationIsVisible = 0;
			defaultConfigurationName = Release;
		};
		DDAAAAE12A1A641D00D36D85 /* Build configuration list for PBXNativeTarget "MercadoBitcoin" */ = {
			isa = XCConfigurationList;
			buildConfigurations = (
				DDAAAAE22A1A641D00D36D85 /* Debug */,
				DDAAAAE32A1A641D00D36D85 /* Release */,
			);
			defaultConfigurationIsVisible = 0;
			defaultConfigurationName = Release;
		};
		DDAAAAE42A1A641D00D36D85 /* Build configuration list for PBXNativeTarget "MercadoBitcoinTests" */ = {
			isa = XCConfigurationList;
			buildConfigurations = (
				DDAAAAE52A1A641D00D36D85 /* Debug */,
				DDAAAAE62A1A641D00D36D85 /* Release */,
			);
			defaultConfigurationIsVisible = 0;
			defaultConfigurationName = Release;
		};
		DDAAAAE72A1A641D00D36D85 /* Build configuration list for PBXNativeTarget "MercadoBitcoinUITests" */ = {
			isa = XCConfigurationList;
			buildConfigurations = (
				DDAAAAE82A1A641D00D36D85 /* Debug */,
				DDAAAAE92A1A641D00D36D85 /* Release */,
			);
			defaultConfigurationIsVisible = 0;
			defaultConfigurationName = Release;
		};
/* End XCConfigurationList section */
	};
	rootObject = DDAAAAAF2A1A641C00D36D85 /* Project object */;
}
